{
  "requires": true,
  "lockfileVersion": 1,
  "dependencies": {
    "casperjs": {
      "version": "1.1.4",
      "resolved": "https://registry.npmjs.org/casperjs/-/casperjs-1.1.4.tgz",
      "integrity": "sha1-6wH07YWsUgqPTZMrTap00+d7x0Y=",
      "dev": true
    },
    "slimerjs": {
      "version": "0.10.3",
      "resolved": "https://registry.npmjs.org/slimerjs/-/slimerjs-0.10.3.tgz",
      "integrity": "sha1-v9lesGNOgaI7I4M6Qi9ovjLP/sg="
    }
  }
}
